schema: '2.0'
stages:
  augment:
    cmd: python trainer/scripts/augment.py
    deps:
    - path: data/raw
      hash: md5
      md5: a918294d0bd698396493e00520a9cffa.dir
      size: 807555159
      nfiles: 42355
    - path: trainer/scripts/augment.py
      hash: md5
      md5: 21660cf14331eced94621af0c184b78d
      size: 6068
    - path: trainer/src/ds_covid/augmentation.py
      hash: md5
      md5: 4cd9fd0af80f904bf9ddb20f30f09228
      size: 3558
    params:
      params.yaml:
        augment:
          variants_per_image: 3
          rotation_range: 15
          zoom_range:
          - 0.9
          - 1.1
          brightness_range:
          - 0.8
          - 1.2
          flip_horizontal: true
          random_seed: 42
        preprocess.classes:
          COVID: 0
          Normal: 1
          Viral Pneumonia: 2
          Lung_Opacity: 3
        preprocess.max_samples_per_class: 80
        preprocess.random_seed: 42
        preprocess.test_split: 0.2
    outs:
    - path: data/augmented
      hash: md5
      md5: 546d91b797250edd508ccd73ea01960e.dir
      size: 46473123
      nfiles: 2176
    - path: outputs/augment_stats.json
      hash: md5
      md5: aa411c5fda2873c16e6b7be27c4ae7bd
      size: 301
  preprocess:
    cmd: python trainer/scripts/preprocess.py
    deps:
    - path: data/augmented
      hash: md5
      md5: 546d91b797250edd508ccd73ea01960e.dir
      size: 46473123
      nfiles: 2176
    - path: trainer/scripts/preprocess.py
      hash: md5
      md5: f7cdd4426ecfc3688c891f0c02c1045c
      size: 5243
    - path: trainer/src/ds_covid/preprocessing.py
      hash: md5
      md5: a015351845c3a355abdd124dbe9f8247
      size: 7611
    params:
      params.yaml:
        preprocess:
          img_size:
          - 256
          - 256
          max_samples_per_class: 80
          test_split: 0.2
          random_seed: 42
          masking: true
          cropping: true
          clahe: true
          clahe_clip_limit: 2.0
          clahe_tile_grid_size:
          - 8
          - 8
          denoising_method:
          classes:
            COVID: 0
            Normal: 1
            Viral Pneumonia: 2
            Lung_Opacity: 3
    outs:
    - path: data/processed/X_test.npy
      hash: md5
      md5: 26104ec65aa6ec2661ef260b7d21614a
      size: 16777344
    - path: data/processed/X_train.npy
      hash: md5
      md5: 9eb492f9568da7317f07981a7295d1c3
      size: 268435584
    - path: data/processed/y_test.npy
      hash: md5
      md5: 23b6b690e4297e9918898e69dbdd4f35
      size: 384
    - path: data/processed/y_train.npy
      hash: md5
      md5: 8e654d8915775fc63bed83b9d91f0771
      size: 4224
    - path: outputs/preprocess_stats.json
      hash: md5
      md5: 5633f100eb88c5cb752ee526afc99183
      size: 317
  train:
    cmd: python trainer/scripts/train.py
    deps:
    - path: data/processed/X_train.npy
      hash: md5
      md5: 9eb492f9568da7317f07981a7295d1c3
      size: 268435584
    - path: data/processed/y_train.npy
      hash: md5
      md5: 8e654d8915775fc63bed83b9d91f0771
      size: 4224
    - path: trainer/scripts/train.py
      hash: md5
      md5: 7d73618f8e1ef9deb20ea8e1640bb158
      size: 6367
    - path: trainer/src/ds_covid/models.py
      hash: md5
      md5: a17a869a5c97643cfef6868cf7b11bd8
      size: 1600
    params:
      params.yaml:
        mlflow:
          experiment_name: classification
          tracking_uri: http://mlflow:5000
          model_name: classification
          segmentation_experiment_name: segmentation
          segmentation_model_name: segmentation
        preprocess.img_size:
        - 256
        - 256
        preprocess.random_seed: 42
        train:
          epochs: 30
          batch_size: 32
          learning_rate: 0.001
          val_split: 0.15
    outs:
    - path: data/models/classification.keras
      hash: md5
      md5: 3299b5388e03c6674036d406651dfa51
      size: 5154441
    - path: outputs/metrics.json
      hash: md5
      md5: ffc6c0131eb9607b238f17d23022b23a
      size: 89
  evaluate:
    cmd: python trainer/scripts/evaluate.py
    deps:
    - path: data/models/classification.keras
      hash: md5
      md5: b1df04735a6830484452128bb6ae371b
      size: 5154441
    - path: data/processed/X_test.npy
      hash: md5
      md5: 26104ec65aa6ec2661ef260b7d21614a
      size: 16777344
    - path: data/processed/y_test.npy
      hash: md5
      md5: 23b6b690e4297e9918898e69dbdd4f35
      size: 384
    - path: trainer/scripts/evaluate.py
      hash: md5
      md5: 9bdb46290a1cdb419ad253f47496547d
      size: 1909
    outs:
    - path: outputs/evaluation_report.json
      hash: md5
      md5: 28c87fe239ca0a8383f8cd208369f2a0
      size: 1177
  preprocess_segmentation:
    cmd: python trainer/scripts/preprocess_segmentation.py
    deps:
    - path: data/augmented
      hash: md5
      md5: 546d91b797250edd508ccd73ea01960e.dir
      size: 46473123
      nfiles: 2176
    - path: trainer/scripts/preprocess_segmentation.py
      hash: md5
      md5: 2b292ae05e0db5f5d20838b9c9a525a4
      size: 3270
    - path: trainer/src/ds_covid/segmentation.py
      hash: md5
      md5: eaa83432e9a3c0bdc0b9c3b0b206dd8f
      size: 6253
    params:
      params.yaml:
        preprocess.classes:
          COVID: 0
          Normal: 1
          Viral Pneumonia: 2
          Lung_Opacity: 3
        preprocess.img_size:
        - 256
        - 256
    outs:
    - path: data/processed/segmentation/M_test.npy
      hash: md5
      md5: b3f9367cfaa759ef576552c5d5ce0407
      size: 16777344
    - path: data/processed/segmentation/M_train.npy
      hash: md5
      md5: 4d14ac2f2b0be41ff99a5667941db450
      size: 268435584
    - path: data/processed/segmentation/X_test.npy
      hash: md5
      md5: 17b3fc10f641b998aa4617d79b26bc6d
      size: 16777344
    - path: data/processed/segmentation/X_train.npy
      hash: md5
      md5: e5da3419930b5adff1fb1ead9e900f54
      size: 268435584
    - path: outputs/preprocess_segmentation_stats.json
      hash: md5
      md5: 9e6305c9c4ab231ab4a8503884b039da
      size: 71
  train_segmentation:
    cmd: python trainer/scripts/train_segmentation.py
    deps:
    - path: data/processed/segmentation/M_train.npy
      hash: md5
      md5: 4d14ac2f2b0be41ff99a5667941db450
      size: 268435584
    - path: data/processed/segmentation/X_train.npy
      hash: md5
      md5: e5da3419930b5adff1fb1ead9e900f54
      size: 268435584
    - path: trainer/scripts/train_segmentation.py
      hash: md5
      md5: d088ac73ed45276fe666c73a29b2e0b5
      size: 10513
    - path: trainer/src/ds_covid/data.py
      hash: md5
      md5: 3d00c07f9aada9710deb07ef35673893
      size: 2235
    - path: trainer/src/ds_covid/segmentation.py
      hash: md5
      md5: eaa83432e9a3c0bdc0b9c3b0b206dd8f
      size: 6253
    params:
      params.yaml:
        mlflow:
          experiment_name: classification
          tracking_uri: http://mlflow:5000
          model_name: classification
          segmentation_experiment_name: segmentation
          segmentation_model_name: segmentation
        preprocess.img_size:
        - 256
        - 256
        preprocess.random_seed: 42
        segmentation:
          val_split: 0.15
          freeze_epochs: 8
          freeze_lr: 0.001
          fine_tune_epochs: 25
          fine_tune_lr: 1e-05
          batch_size: 16
          fine_tune_batch_size: 8
          clean_mask_components: 2
          clean_mask_closing_kernel: 15
          min_val_dice: 0.5
    outs:
    - path: data/models/segmentation.keras
      hash: md5
      md5: 893880193a909c5c45ac23026f87125f
      size: 173529561
    - path: outputs/segmentation_metrics.json
      hash: md5
      md5: 52f3f18656f9cc3caf530188b7b61d92
      size: 180
  evaluate_segmentation:
    cmd: python trainer/scripts/evaluate_segmentation.py
    deps:
    - path: data/models/segmentation.keras
      hash: md5
      md5: 893880193a909c5c45ac23026f87125f
      size: 173529561
    - path: data/processed/segmentation/M_test.npy
      hash: md5
      md5: b3f9367cfaa759ef576552c5d5ce0407
      size: 16777344
    - path: data/processed/segmentation/X_test.npy
      hash: md5
      md5: 17b3fc10f641b998aa4617d79b26bc6d
      size: 16777344
    - path: trainer/scripts/evaluate_segmentation.py
      hash: md5
      md5: 252f3774570f926866875d3b3afada35
      size: 2526
    - path: trainer/src/ds_covid/segmentation.py
      hash: md5
      md5: eaa83432e9a3c0bdc0b9c3b0b206dd8f
      size: 6253
    params:
      params.yaml:
        segmentation.batch_size: 16
        segmentation.clean_mask_closing_kernel: 15
        segmentation.clean_mask_components: 2
    outs:
    - path: outputs/segmentation_evaluation_report.json
      hash: md5
      md5: b5b0631028ce9d9c944b37f1c42c19d1
      size: 187
